github.com/alecthomas/participle v0.3.0/go.mod h1:SW6HZGeZgSIpcUWX3fXpfZhuaWHnmoD5KCVaqSaNTkk=
github.com/alecthomas/participle v0.7.1 h1:2bN7reTw//5f0cugJcTOnY/NYZcWQOaajW+BwZB5xWs=
github.com/alecthomas/participle v0.7.1/go.mod h1:HfdmEuwvr12HXQN44HPWXR0lHmVolVYe4dyL6lQ3duY=
github.com/alecthomas/repr v0.0.0-20181024024818-d37bc2a10ba1/go.mod h1:xTS7Pm1pD1mvyM075QCDSRqH6qRLXylzS24ZTpRiSzQ=
github.com/cem-okulmus/BalancedGo v1.6.16 h1:8noyVgBq2/s8z/IhVvpHUYTqJ+RmV50lyfFCpwzxBRQ=
github.com/cem-okulmus/BalancedGo v1.6.16/go.mod h1:kC/Y4+r6HNaqEN8Ri72nzuRXksSOPbqW7d5HGLdhkC8=
github.com/davecgh/go-spew v1.1.0/go.mod h1:J7Y8YcW2NihsgmVo/mv3lAwl/skON4iLHjSsI+c5H38=
github.com/davecgh/go-spew v1.1.1 h1:vj9j/u1bqnvCEfJOwUhtlOARqs3+rkHYY13jYWTU97c=
github.com/davecgh/go-spew v1.1.1/go.mod h1:J7Y8YcW2NihsgmVo/mv3lAwl/skON4iLHjSsI+c5H38=
github.com/google/go-cmp v0.3.1/go.mod h1:8QqcDgzrUqlUb/G2PQTWiueGozuR1884gddMywk6iLU=
github.com/google/go-cmp v0.5.7 h1:81/ik6ipDQS2aGcBfIN5dHDB36BwrStyeAQquSYCV4o=
github.com/google/go-cmp v0.5.7/go.mod h1:n+brtR0CgQNWTVd5ZUFpTBC8YFBDLK/h/bpaJ8/DtOE=
github.com/pmezard/go-difflib v1.0.0 h1:4DBwDE0NGyQoBHbLQYPwSUPoCMWR5BEzIk/f1lZbAQM=
github.com/pmezard/go-difflib v1.0.0/go.mod h1:iKH77koFhYxTK1pcRnkKkqfTogsbg7gZNVY4sRDYZ/4=
github.com/spakin/disjoint v0.0.0-20170506060253-925e67a26b59/go.mod h1:847lZUtrAEz7RTzAsdAiOC8gq4kqb3lbmtQjWo6naTA=
github.com/spakin/disjoint v1.0.0 h1:+F3h3F5zf88BfcTbdANGrYlE9NW/V59LUw3yXWLULlE=
github.com/spakin/disjoint v1.0.0/go.mod h1:QSto0rbkWBC4daR4z0J0IrQhj/eQD5J5AXj61c7KbZs=
github.com/stretchr/objx v0.1.0/go.mod h1:HFkY916IF+rwdDfMAkV7OtwuqBVzrE8GR6GFx+wExME=
github.com/stretchr/testify v1.2.2/go.mod h1:a8OnRcib4nhh0OaRAV+Yts87kKdq0PP7pXfy6kDkUVs=
github.com/stretchr/testify v1.4.0 h1:2E4SXV/wtOkTonXsotYi4li6zVWxYlZuYNCXe9XRJyk=
github.com/stretchr/testify v1.4.0/go.mod h1:j7eGeouHqKxXV5pUuKE4zz7dFj8WfuZ+81PSLYec5m4=
golang.org/x/xerrors v0.0.0-20191204190536-9bdfabe68543/go.mod h1:I/5z698sn9Ka8TeJc9MKroUUfqBBauWjQqLJ2OPfmY0=
golang.org/x/xerrors v0.0.0-20220411194840-2f41105eb62f h1:GGU+dLjvlC3qDwqYgL6UgRmHXhOOgns0bZu2Ty5mm6U=
golang.org/x/xerrors v0.0.0-20220411194840-2f41105eb62f/go.mod h1:I/5z698sn9Ka8TeJc9MKroUUfqBBauWjQqLJ2OPfmY0=
gopkg.in/check.v1 v0.0.0-20161208181325-20d25e280405/go.mod h1:Co6ibVJAznAaIkqp8huTwlJQCZ016jof/cbN4VW5Yz0=
gopkg.in/yaml.v2 v2.2.2 h1:ZCJp+EgiOT7lHqUV2J862kp8Qj64Jo6az82+3Td9dZw=
gopkg.in/yaml.v2 v2.2.2/go.mod h1:hI93XBmqTisBFMUTm0b8Fm+jr3Dg1NNxqwp+5A1VGuI=
